github.com/google/zopfli v0.0.0-20210614151705-831773bc28e3/go.mod h1:s2ULOAKrLKt7BL/w7MwT3F8bAXHc792qVNGEd5Wp7OQ=
github.com/google/zopfli v0.0.0-20240411095508-ccf9f0588d4a h1:0bs4nAGVSQtQTj4qRkRRBZvNz5VNFcbAzxFA34k9xpo=
github.com/google/zopfli v0.0.0-20240411095508-ccf9f0588d4a/go.mod h1:s2ULOAKrLKt7BL/w7MwT3F8bAXHc792qVNGEd5Wp7OQ=
